// !$*UTF8*$!
{
	archiveVersion = 1;
	classes = {
	};
	objectVersion = 50;
	objects = {

/* Begin PBXBuildFile section */
		D2F061BB26156FAB00D16CDB /* AppDelegate.swift in Sources */ = {isa = PBXBuildFile; fileRef = D2F061BA26156FAB00D16CDB /* AppDelegate.swift */; };
		D2F061BD26156FAB00D16CDB /* SceneDelegate.swift in Sources */ = {isa = PBXBuildFile; fileRef = D2F061BC26156FAB00D16CDB /* SceneDelegate.swift */; };
		D2F061BF26156FAB00D16CDB /* ViewController.swift in Sources */ = {isa = PBXBuildFile; fileRef = D2F061BE26156FAB00D16CDB /* ViewController.swift */; };
		D2F061C226156FAB00D16CDB /* Main.storyboard in Resources */ = {isa = PBXBuildFile; fileRef = D2F061C026156FAB00D16CDB /* Main.storyboard */; };
		D2F061C426156FAC00D16CDB /* Assets.xcassets in Resources */ = {isa = PBXBuildFile; fileRef = D2F061C326156FAC00D16CDB /* Assets.xcassets */; };
		D2F061C726156FAC00D16CDB /* LaunchScreen.storyboard in Resources */ = {isa = PBXBuildFile; fileRef = D2F061C526156FAC00D16CDB /* LaunchScreen.storyboard */; };
		D2F061D226156FAD00D16CDB /* I_Am_RichTests.swift in Sources */ = {isa = PBXBuildFile; fileRef = D2F061D126156FAD00D16CDB /* I_Am_RichTests.swift */; };
		D2F061DD26156FAD00D16CDB /* I_Am_RichUITests.swift in Sources */ = {isa = PBXBuildFile; fileRef = D2F061DC26156FAD00D16CDB /* I_Am_RichUITests.swift */; };
/* End PBXBuildFile section */

/* Begin PBXContainerItemProxy section */
		D2F061CE26156FAD00D16CDB /* PBXContainerItemProxy */ = {
			isa = PBXContainerItemProxy;
			containerPortal = D2F061AF26156FAB00D16CDB /* Project object */;
			proxyType = 1;
			remoteGlobalIDString = D2F061B626156FAB00D16CDB;
			remoteInfo = "I Am Rich";
		};
		D2F061D926156FAD00D16CDB /* PBXContainerItemProxy */ = {
			isa = PBXContainerItemProxy;
			containerPortal = D2F061AF26156FAB00D16CDB /* Project object */;
			proxyType = 1;
			remoteGlobalIDString = D2F061B626156FAB00D16CDB;
			remoteInfo = "I Am Rich";
		};
/* End PBXContainerItemProxy section */

/* Begin PBXFileReference section */
		D2F061B726156FAB00D16CDB /* I Am Rich.app */ = {isa = PBXFileReference; explicitFileType = wrapper.application; includeInIndex = 0; path = "I Am Rich.app"; sourceTree = BUILT_PRODUCTS_DIR; };
		D2F061BA26156FAB00D16CDB /* AppDelegate.swift */ = {isa = PBXFileReference; lastKnownFileType = sourcecode.swift; path = AppDelegate.swift; sourceTree = "<group>"; };
		D2F061BC26156FAB00D16CDB /* SceneDelegate.swift */ = {isa = PBXFileReference; lastKnownFileType = sourcecode.swift; path = SceneDelegate.swift; sourceTree = "<group>"; };
		D2F061BE26156FAB00D16CDB /* ViewController.swift */ = {isa = PBXFileReference; lastKnownFileType = sourcecode.swift; path = ViewController.swift; sourceTree = "<group>"; };
		D2F061C126156FAB00D16CDB /* Base */ = {isa = PBXFileReference; lastKnownFileType = file.storyboard; name = Base; path = Base.lproj/Main.storyboard; sourceTree = "<group>"; };
		D2F061C326156FAC00D16CDB /* Assets.xcassets */ = {isa = PBXFileReference; lastKnownFileType = folder.assetcatalog; path = Assets.xcassets; sourceTree = "<group>"; };
		D2F061C626156FAC00D16CDB /* Base */ = {isa = PBXFileReference; lastKnownFileType = file.storyboard; name = Base; path = Base.lproj/LaunchScreen.storyboard; sourceTree = "<group>"; };
		D2F061C826156FAC00D16CDB /* Info.plist */ = {isa = PBXFileReference; lastKnownFileType = text.plist.xml; path = Info.plist; sourceTree = "<group>"; };
		D2F061CD26156FAD00D16CDB /* I Am RichTests.xctest */ = {isa = PBXFileReference; explicitFileType = wrapper.cfbundle; includeInIndex = 0; path = "I Am RichTests.xctest"; sourceTree = BUILT_PRODUCTS_DIR; };
		D2F061D126156FAD00D16CDB /* I_Am_RichTests.swift */ = {isa = PBXFileReference; lastKnownFileType = sourcecode.swift; path = I_Am_RichTests.swift; sourceTree = "<group>"; };
		D2F061D326156FAD00D16CDB /* Info.plist */ = {isa = PBXFileReference; lastKnownFileType = text.plist.xml; path = Info.plist; sourceTree = "<group>"; };
		D2F061D826156FAD00D16CDB /* I Am RichUITests.xctest */ = {isa = PBXFileReference; explicitFileType = wrapper.cfbundle; includeInIndex = 0; path = "I Am RichUITests.xctest"; sourceTree = BUILT_PRODUCTS_DIR; };
		D2F061DC26156FAD00D16CDB /* I_Am_RichUITests.swift */ = {isa = PBXFileReference; lastKnownFileType = sourcecode.swift; path = I_Am_RichUITests.swift; sourceTree = "<group>"; };
		D2F061DE26156FAD00D16CDB /* Info.plist */ = {isa = PBXFileReference; lastKnownFileType = text.plist.xml; path = Info.plist; sourceTree = "<group>"; };
/* End PBXFileReference section */

/* Begin PBXFrameworksBuildPhase section */
		D2F061B426156FAB00D16CDB /* Frameworks */ = {
			isa = PBXFrameworksBuildPhase;
			buildActionMask = 2147483647;
			files = (
			);
			runOnlyForDeploymentPostprocessing = 0;
		};
		D2F061CA26156FAD00D16CDB /* Frameworks */ = {
			isa = PBXFrameworksBuildPhase;
			buildActionMask = 2147483647;
			files = (
			);
			runOnlyForDeploymentPostprocessing = 0;
		};
		D2F061D526156FAD00D16CDB /* Frameworks */ = {
			isa = PBXFrameworksBuildPhase;
			buildActionMask = 2147483647;
			files = (
			);
			runOnlyForDeploymentPostprocessing = 0;
		};
/* End PBXFrameworksBuildPhase section */

/* Begin PBXGroup section */
		D2F061AE26156FAB00D16CDB = {
			isa = PBXGroup;
			children = (
				D2F061B926156FAB00D16CDB /* I Am Rich */,
				D2F061D026156FAD00D16CDB /* I Am RichTests */,
				D2F061DB26156FAD00D16CDB /* I Am RichUITests */,
				D2F061B826156FAB00D16CDB /* Products */,
			);
			sourceTree = "<group>";
		};
		D2F061B826156FAB00D16CDB /* Products */ = {
			isa = PBXGroup;
			children = (
				D2F061B726156FAB00D16CDB /* I Am Rich.app */,
				D2F061CD26156FAD00D16CDB /* I Am RichTests.xctest */,
				D2F061D826156FAD00D16CDB /* I Am RichUITests.xctest */,
			);
			name = Products;
			sourceTree = "<group>";
		};
		D2F061B926156FAB00D16CDB /* I Am Rich */ = {
			isa = PBXGroup;
			children = (
				D2F061BA26156FAB00D16CDB /* AppDelegate.swift */,
				D2F061BC26156FAB00D16CDB /* SceneDelegate.swift */,
				D2F061BE26156FAB00D16CDB /* ViewController.swift */,
				D2F061C026156FAB00D16CDB /* Main.storyboard */,
				D2F061C326156FAC00D16CDB /* Assets.xcassets */,
				D2F061C526156FAC00D16CDB /* LaunchScreen.storyboard */,
				D2F061C826156FAC00D16CDB /* Info.plist */,
			);
			path = "I Am Rich";
			sourceTree = "<group>";
		};
		D2F061D026156FAD00D16CDB /* I Am RichTests */ = {
			isa = PBXGroup;
			children = (
				D2F061D126156FAD00D16CDB /* I_Am_RichTests.swift */,
				D2F061D326156FAD00D16CDB /* Info.plist */,
			);
			path = "I Am RichTests";
			sourceTree = "<group>";
		};
		D2F061DB26156FAD00D16CDB /* I Am RichUITests */ = {
			isa = PBXGroup;
			children = (
				D2F061DC26156FAD00D16CDB /* I_Am_RichUITests.swift */,
				D2F061DE26156FAD00D16CDB /* Info.plist */,
			);
			path = "I Am RichUITests";
			sourceTree = "<group>";
		};
/* End PBXGroup section */

/* Begin PBXNativeTarget section */
		D2F061B626156FAB00D16CDB /* I Am Rich */ = {
			isa = PBXNativeTarget;
			buildConfigurationList = D2F061E126156FAD00D16CDB /* Build configuration list for PBXNativeTarget "I Am Rich" */;
			buildPhases = (
				D2F061B326156FAB00D16CDB /* Sources */,
				D2F061B426156FAB00D16CDB /* Frameworks */,
				D2F061B526156FAB00D16CDB /* Resources */,
			);
			buildRules = (
			);
			dependencies = (
			);
			name = "I Am Rich";
			productName = "I Am Rich";
			productReference = D2F061B726156FAB00D16CDB /* I Am Rich.app */;
			productType = "com.apple.product-type.application";
		};
		D2F061CC26156FAD00D16CDB /* I Am RichTests */ = {
			isa = PBXNativeTarget;
			buildConfigurationList = D2F061E426156FAD00D16CDB /* Build configuration list for PBXNativeTarget "I Am RichTests" */;
			buildPhases = (
				D2F061C926156FAD00D16CDB /* Sources */,
				D2F061CA26156FAD00D16CDB /* Frameworks */,
				D2F061CB26156FAD00D16CDB /* Resources */,
			);
			buildRules = (
			);
			dependencies = (
				D2F061CF26156FAD00D16CDB /* PBXTargetDependency */,
			);
			name = "I Am RichTests";
			productName = "I Am RichTests";
			productReference = D2F061CD26156FAD00D16CDB /* I Am RichTests.xctest */;
			productType = "com.apple.product-type.bundle.unit-test";
		};
		D2F061D726156FAD00D16CDB /* I Am RichUITests */ = {
			isa = PBXNativeTarget;
			buildConfigurationList = D2F061E726156FAD00D16CDB /* Build configuration list for PBXNativeTarget "I Am RichUITests" */;
			buildPhases = (
				D2F061D426156FAD00D16CDB /* Sources */,
				D2F061D526156FAD00D16CDB /* Frameworks */,
				D2F061D626156FAD00D16CDB /* Resources */,
			);
			buildRules = (
			);
			dependencies = (
				D2F061DA26156FAD00D16CDB /* PBXTargetDependency */,
			);
			name = "I Am RichUITests";
			productName = "I Am RichUITests";
			productReference = D2F061D826156FAD00D16CDB /* I Am RichUITests.xctest */;
			productType = "com.apple.product-type.bundle.ui-testing";
		};
/* End PBXNativeTarget section */

/* Begin PBXProject section */
		D2F061AF26156FAB00D16CDB /* Project object */ = {
			isa = PBXProject;
			attributes = {
				LastSwiftUpdateCheck = 1240;
				LastUpgradeCheck = 1240;
				TargetAttributes = {
					D2F061B626156FAB00D16CDB = {
						CreatedOnToolsVersion = 12.4;
					};
					D2F061CC26156FAD00D16CDB = {
						CreatedOnToolsVersion = 12.4;
						TestTargetID = D2F061B626156FAB00D16CDB;
					};
					D2F061D726156FAD00D16CDB = {
						CreatedOnToolsVersion = 12.4;
						TestTargetID = D2F061B626156FAB00D16CDB;
					};
				};
			};
			buildConfigurationList = D2F061B226156FAB00D16CDB /* Build configuration list for PBXProject "I Am Rich" */;
			compatibilityVersion = "Xcode 9.3";
			developmentRegion = en;
			hasScannedForEncodings = 0;
			knownRegions = (
				en,
				Base,
			);
			mainGroup = D2F061AE26156FAB00D16CDB;
			productRefGroup = D2F061B826156FAB00D16CDB /* Products */;
			projectDirPath = "";
			projectRoot = "";
			targets = (
				D2F061B626156FAB00D16CDB /* I Am Rich */,
				D2F061CC26156FAD00D16CDB /* I Am RichTests */,
				D2F061D726156FAD00D16CDB /* I Am RichUITests */,
			);
		};
/* End PBXProject section */

/* Begin PBXResourcesBuildPhase section */
		D2F061B526156FAB00D16CDB /* Resources */ = {
			isa = PBXResourcesBuildPhase;
			buildActionMask = 2147483647;
			files = (
				D2F061C726156FAC00D16CDB /* LaunchScreen.storyboard in Resources */,
				D2F061C426156FAC00D16CDB /* Assets.xcassets in Resources */,
				D2F061C226156FAB00D16CDB /* Main.storyboard in Resources */,
			);
			runOnlyForDeploymentPostprocessing = 0;
		};
		D2F061CB26156FAD00D16CDB /* Resources */ = {
			isa = PBXResourcesBuildPhase;
			buildActionMask = 2147483647;
			files = (
			);
			runOnlyForDeploymentPostprocessing = 0;
		};
		D2F061D626156FAD00D16CDB /* Resources */ = {
			isa = PBXResourcesBuildPhase;
			buildActionMask = 2147483647;
			files = (
			);
			runOnlyForDeploymentPostprocessing = 0;
		};
/* End PBXResourcesBuildPhase section */

/* Begin PBXSourcesBuildPhase section */
		D2F061B326156FAB00D16CDB /* Sources */ = {
			isa = PBXSourcesBuildPhase;
			buildActionMask = 2147483647;
			files = (
				D2F061BF26156FAB00D16CDB /* ViewController.swift in Sources */,
				D2F061BB26156FAB00D16CDB /* AppDelegate.swift in Sources */,
				D2F061BD26156FAB00D16CDB /* SceneDelegate.swift in Sources */,
			);
			runOnlyForDeploymentPostprocessing = 0;
		};
		D2F061C926156FAD00D16CDB /* Sources */ = {
			isa = PBXSourcesBuildPhase;
			buildActionMask = 2147483647;
			files = (
				D2F061D226156FAD00D16CDB /* I_Am_RichTests.swift in Sources */,
			);
			runOnlyForDeploymentPostprocessing = 0;
		};
		D2F061D426156FAD00D16CDB /* Sources */ = {
			isa = PBXSourcesBuildPhase;
			buildActionMask = 2147483647;
			files = (
				D2F061DD26156FAD00D16CDB /* I_Am_RichUITests.swift in Sources */,
			);
			runOnlyForDeploymentPostprocessing = 0;
		};
/* End PBXSourcesBuildPhase section */

/* Begin PBXTargetDependency section */
		D2F061CF26156FAD00D16CDB /* PBXTargetDependency */ = {
			isa = PBXTargetDependency;
			target = D2F061B626156FAB00D16CDB /* I Am Rich */;
			targetProxy = D2F061CE26156FAD00D16CDB /* PBXContainerItemProxy */;
		};
		D2F061DA26156FAD00D16CDB /* PBXTargetDependency */ = {
			isa = PBXTargetDependency;
			target = D2F061B626156FAB00D16CDB /* I Am Rich */;
			targetProxy = D2F061D926156FAD00D16CDB /* PBXContainerItemProxy */;
		};
/* End PBXTargetDependency section */

/* Begin PBXVariantGroup section */
		D2F061C026156FAB00D16CDB /* Main.storyboard */ = {
			isa = PBXVariantGroup;
			children = (
				D2F061C126156FAB00D16CDB /* Base */,
			);
			name = Main.storyboard;
			sourceTree = "<group>";
		};
		D2F061C526156FAC00D16CDB /* LaunchScreen.storyboard */ = {
			isa = PBXVariantGroup;
			children = (
				D2F061C626156FAC00D16CDB /* Base */,
			);
			name = LaunchScreen.storyboard;
			sourceTree = "<group>";
		};
/* End PBXVariantGroup section */

/* Begin XCBuildConfiguration section */
		D2F061DF26156FAD00D16CDB /* Debug */ = {
			isa = XCBuildConfiguration;
			buildSettings = {
				ALWAYS_SEARCH_USER_PATHS = NO;
				CLANG_ANALYZER_NONNULL = YES;
				CLANG_ANALYZER_NUMBER_OBJECT_CONVERSION = YES_AGGRESSIVE;
				CLANG_CXX_LANGUAGE_STANDARD = "gnu++14";
				CLANG_CXX_LIBRARY = "libc++";
				CLANG_ENABLE_MODULES = YES;
				CLANG_ENABLE_OBJC_ARC = YES;
				CLANG_ENABLE_OBJC_WEAK = YES;
				CLANG_WARN_BLOCK_CAPTURE_AUTORELEASING = YES;
				CLANG_WARN_BOOL_CONVERSION = YES;
				CLANG_WARN_COMMA = YES;
				CLANG_WARN_CONSTANT_CONVERSION = YES;
				CLANG_WARN_DEPRECATED_OBJC_IMPLEMENTATIONS = YES;
				CLANG_WARN_DIRECT_OBJC_ISA_USAGE = YES_ERROR;
				CLANG_WARN_DOCUMENTATION_COMMENTS = YES;
				CLANG_WARN_EMPTY_BODY = YES;
				CLANG_WARN_ENUM_CONVERSION = YES;
				CLANG_WARN_INFINITE_RECURSION = YES;
				CLANG_WARN_INT_CONVERSION = YES;
				CLANG_WARN_NON_LITERAL_NULL_CONVERSION = YES;
				CLANG_WARN_OBJC_IMPLICIT_RETAIN_SELF = YES;
				CLANG_WARN_OBJC_LITERAL_CONVERSION = YES;
				CLANG_WARN_OBJC_ROOT_CLASS = YES_ERROR;
				CLANG_WARN_QUOTED_INCLUDE_IN_FRAMEWORK_HEADER = YES;
				CLANG_WARN_RANGE_LOOP_ANALYSIS = YES;
				CLANG_WARN_STRICT_PROTOTYPES = YES;
				CLANG_WARN_SUSPICIOUS_MOVE = YES;
				CLANG_WARN_UNGUARDED_AVAILABILITY = YES_AGGRESSIVE;
				CLANG_WARN_UNREACHABLE_CODE = YES;
				CLANG_WARN__DUPLICATE_METHOD_MATCH = YES;
				COPY_PHASE_STRIP = NO;
				DEBUG_INFORMATION_FORMAT = dwarf;
				ENABLE_STRICT_OBJC_MSGSEND = YES;
				ENABLE_TESTABILITY = YES;
				GCC_C_LANGUAGE_STANDARD = gnu11;
				GCC_DYNAMIC_NO_PIC = NO;
				GCC_NO_COMMON_BLOCKS = YES;
				GCC_OPTIMIZATION_LEVEL = 0;
				GCC_PREPROCESSOR_DEFINITIONS = (
					"DEBUG=1",
					"$(inherited)",
				);
				GCC_WARN_64_TO_32_BIT_CONVERSION = YES;
				GCC_WARN_ABOUT_RETURN_TYPE = YES_ERROR;
				GCC_WARN_UNDECLARED_SELECTOR = YES;
				GCC_WARN_UNINITIALIZED_AUTOS = YES_AGGRESSIVE;
				GCC_WARN_UNUSED_FUNCTION = YES;
				GCC_WARN_UNUSED_VARIABLE = YES;
				IPHONEOS_DEPLOYMENT_TARGET = 14.4;
				MTL_ENABLE_DEBUG_INFO = INCLUDE_SOURCE;
				MTL_FAST_MATH = YES;
				ONLY_ACTIVE_ARCH = YES;
				SDKROOT = iphoneos;
				SWIFT_ACTIVE_COMPILATION_CONDITIONS = DEBUG;
				SWIFT_OPTIMIZATION_LEVEL = "-Onone";
			};
			name = Debug;
		};
		D2F061E026156FAD00D16CDB /* Release */ = {
			isa = XCBuildConfiguration;
			buildSettings = {
				ALWAYS_SEARCH_USER_PATHS = NO;
				CLANG_ANALYZER_NONNULL = YES;
				CLANG_ANALYZER_NUMBER_OBJECT_CONVERSION = YES_AGGRESSIVE;
				CLANG_CXX_LANGUAGE_STANDARD = "gnu++14";
				CLANG_CXX_LIBRARY = "libc++";
				CLANG_ENABLE_MODULES = YES;
				CLANG_ENABLE_OBJC_ARC = YES;
				CLANG_ENABLE_OBJC_WEAK = YES;
				CLANG_WARN_BLOCK_CAPTURE_AUTORELEASING = YES;
				CLANG_WARN_BOOL_CONVERSION = YES;
				CLANG_WARN_COMMA = YES;
				CLANG_WARN_CONSTANT_CONVERSION = YES;
				CLANG_WARN_DEPRECATED_OBJC_IMPLEMENTATIONS = YES;
				CLANG_WARN_DIRECT_OBJC_ISA_USAGE = YES_ERROR;
				CLANG_WARN_DOCUMENTATION_COMMENTS = YES;
				CLANG_WARN_EMPTY_BODY = YES;
				CLANG_WARN_ENUM_CONVERSION = YES;
				CLANG_WARN_INFINITE_RECURSION = YES;
				CLANG_WARN_INT_CONVERSION = YES;
				CLANG_WARN_NON_LITERAL_NULL_CONVERSION = YES;
				CLANG_WARN_OBJC_IMPLICIT_RETAIN_SELF = YES;
				CLANG_WARN_OBJC_LITERAL_CONVERSION = YES;
				CLANG_WARN_OBJC_ROOT_CLASS = YES_ERROR;
				CLANG_WARN_QUOTED_INCLUDE_IN_FRAMEWORK_HEADER = YES;
				CLANG_WARN_RANGE_LOOP_ANALYSIS = YES;
				CLANG_WARN_STRICT_PROTOTYPES = YES;
				CLANG_WARN_SUSPICIOUS_MOVE = YES;
				CLANG_WARN_UNGUARDED_AVAILABILITY = YES_AGGRESSIVE;
				CLANG_WARN_UNREACHABLE_CODE = YES;
				CLANG_WARN__DUPLICATE_METHOD_MATCH = YES;
				COPY_PHASE_STRIP = NO;
				DEBUG_INFORMATION_FORMAT = "dwarf-with-dsym";
				ENABLE_NS_ASSERTIONS = NO;
				ENABLE_STRICT_OBJC_MSGSEND = YES;
				GCC_C_LANGUAGE_STANDARD = gnu11;
				GCC_NO_COMMON_BLOCKS = YES;
				GCC_WARN_64_TO_32_BIT_CONVERSION = YES;
				GCC_WARN_ABOUT_RETURN_TYPE = YES_ERROR;
				GCC_WARN_UNDECLARED_SELECTOR = YES;
				GCC_WARN_UNINITIALIZED_AUTOS = YES_AGGRESSIVE;
				GCC_WARN_UNUSED_FUNCTION = YES;
				GCC_WARN_UNUSED_VARIABLE = YES;
				IPHONEOS_DEPLOYMENT_TARGET = 14.4;
				MTL_ENABLE_DEBUG_INFO = NO;
				MTL_FAST_MATH = YES;
				SDKROOT = iphoneos;
				SWIFT_COMPILATION_MODE = wholemodule;
				SWIFT_OPTIMIZATION_LEVEL = "-O";
				VALIDATE_PRODUCT = YES;
			};
			name = Release;
		};
		D2F061E226156FAD00D16CDB /* Debug */ = {
			isa = XCBuildConfiguration;
			buildSettings = {
				ASSETCATALOG_COMPILER_APPICON_NAME = AppIcon;
				ASSETCATALOG_COMPILER_GLOBAL_ACCENT_COLOR_NAME = AccentColor;
				CODE_SIGN_STYLE = Automatic;
				DEVELOPMENT_TEAM = K6M8KNJT3U;
				INFOPLIST_FILE = "I Am Rich/Info.plist";
				LD_RUNPATH_SEARCH_PATHS = (
					"$(inherited)",
					"@executable_path/Frameworks",
				);
				PRODUCT_BUNDLE_IDENTIFIER = "com.sevensoftware.I-Am-Rich";
				PRODUCT_NAME = "$(TARGET_NAME)";
				SWIFT_VERSION = 5.0;
				TARGETED_DEVICE_FAMILY = "1,2";
			};
			name = Debug;
		};
		D2F061E326156FAD00D16CDB /* Release */ = {
			isa = XCBuildConfiguration;
			buildSettings = {
				ASSETCATALOG_COMPILER_APPICON_NAME = AppIcon;
				ASSETCATALOG_COMPILER_GLOBAL_ACCENT_COLOR_NAME = AccentColor;
				CODE_SIGN_STYLE = Automatic;
				DEVELOPMENT_TEAM = K6M8KNJT3U;
				INFOPLIST_FILE = "I Am Rich/Info.plist";
				LD_RUNPATH_SEARCH_PATHS = (
					"$(inherited)",
					"@executable_path/Frameworks",
				);
				PRODUCT_BUNDLE_IDENTIFIER = "com.sevensoftware.I-Am-Rich";
				PRODUCT_NAME = "$(TARGET_NAME)";
				SWIFT_VERSION = 5.0;
				TARGETED_DEVICE_FAMILY = "1,2";
			};
			name = Release;
		};
		D2F061E526156FAD00D16CDB /* Debug */ = {
			isa = XCBuildConfiguration;
			buildSettings = {
				ALWAYS_EMBED_SWIFT_STANDARD_LIBRARIES = YES;
				BUNDLE_LOADER = "$(TEST_HOST)";
				CODE_SIGN_STYLE = Automatic;
				INFOPLIST_FILE = "I Am RichTests/Info.plist";
				IPHONEOS_DEPLOYMENT_TARGET = 14.4;
				LD_RUNPATH_SEARCH_PATHS = (
					"$(inherited)",
					"@executable_path/Frameworks",
					"@loader_path/Frameworks",
				);
				PRODUCT_BUNDLE_IDENTIFIER = "com.sevensoftware.I-Am-RichTests";
				PRODUCT_NAME = "$(TARGET_NAME)";
				SWIFT_VERSION = 5.0;
				TARGETED_DEVICE_FAMILY = "1,2";
				TEST_HOST = "$(BUILT_PRODUCTS_DIR)/I Am Rich.app/I Am Rich";
			};
			name = Debug;
		};
		D2F061E626156FAD00D16CDB /* Release */ = {
			isa = XCBuildConfiguration;
			buildSettings = {
				ALWAYS_EMBED_SWIFT_STANDARD_LIBRARIES = YES;
				BUNDLE_LOADER = "$(TEST_HOST)";
				CODE_SIGN_STYLE = Automatic;
				INFOPLIST_FILE = "I Am RichTests/Info.plist";
				IPHONEOS_DEPLOYMENT_TARGET = 14.4;
				LD_RUNPATH_SEARCH_PATHS = (
					"$(inherited)",
					"@executable_path/Frameworks",
					"@loader_path/Frameworks",
				);
				PRODUCT_BUNDLE_IDENTIFIER = "com.sevensoftware.I-Am-RichTests";
				PRODUCT_NAME = "$(TARGET_NAME)";
				SWIFT_VERSION = 5.0;
				TARGETED_DEVICE_FAMILY = "1,2";
				TEST_HOST = "$(BUILT_PRODUCTS_DIR)/I Am Rich.app/I Am Rich";
			};
			name = Release;
		};
		D2F061E826156FAD00D16CDB /* Debug */ = {
			isa = XCBuildConfiguration;
			buildSettings = {
				ALWAYS_EMBED_SWIFT_STANDARD_LIBRARIES = YES;
				CODE_SIGN_STYLE = Automatic;
				INFOPLIST_FILE = "I Am RichUITests/Info.plist";
				LD_RUNPATH_SEARCH_PATHS = (
					"$(inherited)",
					"@executable_path/Frameworks",
					"@loader_path/Frameworks",
				);
				PRODUCT_BUNDLE_IDENTIFIER = "com.sevensoftware.I-Am-RichUITests";
				PRODUCT_NAME = "$(TARGET_NAME)";
				SWIFT_VERSION = 5.0;
				TARGETED_DEVICE_FAMILY = "1,2";
				TEST_TARGET_NAME = "I Am Rich";
			};
			name = Debug;
		};
		D2F061E926156FAD00D16CDB /* Release */ = {
			isa = XCBuildConfiguration;
			buildSettings = {
				ALWAYS_EMBED_SWIFT_STANDARD_LIBRARIES = YES;
				CODE_SIGN_STYLE = Automatic;
				INFOPLIST_FILE = "I Am RichUITests/Info.plist";
				LD_RUNPATH_SEARCH_PATHS = (
					"$(inherited)",
					"@executable_path/Frameworks",
					"@loader_path/Frameworks",
				);
				PRODUCT_BUNDLE_IDENTIFIER = "com.sevensoftware.I-Am-RichUITests";
				PRODUCT_NAME = "$(TARGET_NAME)";
				SWIFT_VERSION = 5.0;
				TARGETED_DEVICE_FAMILY = "1,2";
				TEST_TARGET_NAME = "I Am Rich";
			};
			name = Release;
		};
/* End XCBuildConfiguration section */

/* Begin XCConfigurationList section */
		D2F061B226156FAB00D16CDB /* Build configuration list for PBXProject "I Am Rich" */ = {
			isa = XCConfigurationList;
			buildConfigurations = (
				D2F061DF26156FAD00D16CDB /* Debug */,
				D2F061E026156FAD00D16CDB /* Release */,
			);
			defaultConfigurationIsVisible = 0;
			defaultConfigurationName = Release;
		};
		D2F061E126156FAD00D16CDB /* Build configuration list for PBXNativeTarget "I Am Rich" */ = {
			isa = XCConfigurationList;
			buildConfigurations = (
				D2F061E226156FAD00D16CDB /* Debug */,
				D2F061E326156FAD00D16CDB /* Release */,
			);
			defaultConfigurationIsVisible = 0;
			defaultConfigurationName = Release;
		};
		D2F061E426156FAD00D16CDB /* Build configuration list for PBXNativeTarget "I Am RichTests" */ = {
			isa = XCConfigurationList;
			buildConfigurations = (
				D2F061E526156FAD00D16CDB /* Debug */,
				D2F061E626156FAD00D16CDB /* Release */,
			);
			defaultConfigurationIsVisible = 0;
			defaultConfigurationName = Release;
		};
		D2F061E726156FAD00D16CDB /* Build configuration list for PBXNativeTarget "I Am RichUITests" */ = {
			isa = XCConfigurationList;
			buildConfigurations = (
				D2F061E826156FAD00D16CDB /* Debug */,
				D2F061E926156FAD00D16CDB /* Release */,
			);
			defaultConfigurationIsVisible = 0;
			defaultConfigurationName = Release;
		};
/* End XCConfigurationList section */
	};
	rootObject = D2F061AF26156FAB00D16CDB /* Project object */;
}
